// !$*UTF8*$!
{
	archiveVersion = 1;
	classes = {
	};
	objectVersion = 77;
	objects = {

/* Begin PBXBuildFile section */
		8D7C20572D12B22F00A18C67 /* ComposableArchitecture in Frameworks */ = {isa = PBXBuildFile; productRef = 8D7C20562D12B22F00A18C67 /* ComposableArchitecture */; };
/* End PBXBuildFile section */

/* Begin PBXContainerItemProxy section */
		8D7C20352D12B1E300A18C67 /* PBXContainerItemProxy */ = {
			isa = PBXContainerItemProxy;
			containerPortal = 8D7C201C2D12B1E100A18C67 /* Project object */;
			proxyType = 1;
			remoteGlobalIDString = 8D7C20232D12B1E100A18C67;
			remoteInfo = ContactListTCAwithSwiftData;
		};
		8D7C203F2D12B1E300A18C67 /* PBXContainerItemProxy */ = {
			isa = PBXContainerItemProxy;
			containerPortal = 8D7C201C2D12B1E100A18C67 /* Project object */;
			proxyType = 1;
			remoteGlobalIDString = 8D7C20232D12B1E100A18C67;
			remoteInfo = ContactListTCAwithSwiftData;
		};
/* End PBXContainerItemProxy section */

/* Begin PBXFileReference section */
		8D7C20242D12B1E100A18C67 /* ContactListTCAwithSwiftData.app */ = {isa = PBXFileReference; explicitFileType = wrapper.application; includeInIndex = 0; path = ContactListTCAwithSwiftData.app; sourceTree = BUILT_PRODUCTS_DIR; };
		8D7C20342D12B1E300A18C67 /* ContactListTCAwithSwiftDataTests.xctest */ = {isa = PBXFileReference; explicitFileType = wrapper.cfbundle; includeInIndex = 0; path = ContactListTCAwithSwiftDataTests.xctest; sourceTree = BUILT_PRODUCTS_DIR; };
		8D7C203E2D12B1E300A18C67 /* ContactListTCAwithSwiftDataUITests.xctest */ = {isa = PBXFileReference; explicitFileType = wrapper.cfbundle; includeInIndex = 0; path = ContactListTCAwithSwiftDataUITests.xctest; sourceTree = BUILT_PRODUCTS_DIR; };
/* End PBXFileReference section */

/* Begin PBXFileSystemSynchronizedRootGroup section */
		8D7C20262D12B1E100A18C67 /* ContactListTCAwithSwiftData */ = {
			isa = PBXFileSystemSynchronizedRootGroup;
			path = ContactListTCAwithSwiftData;
			sourceTree = "<group>";
		};
		8D7C20372D12B1E300A18C67 /* ContactListTCAwithSwiftDataTests */ = {
			isa = PBXFileSystemSynchronizedRootGroup;
			path = ContactListTCAwithSwiftDataTests;
			sourceTree = "<group>";
		};
		8D7C20412D12B1E300A18C67 /* ContactListTCAwithSwiftDataUITests */ = {
			isa = PBXFileSystemSynchronizedRootGroup;
			path = ContactListTCAwithSwiftDataUITests;
			sourceTree = "<group>";
		};
/* End PBXFileSystemSynchronizedRootGroup section */

/* Begin PBXFrameworksBuildPhase section */
		8D7C20212D12B1E100A18C67 /* Frameworks */ = {
			isa = PBXFrameworksBuildPhase;
			buildActionMask = 2147483647;
			files = (
				8D7C20572D12B22F00A18C67 /* ComposableArchitecture in Frameworks */,
			);
			runOnlyForDeploymentPostprocessing = 0;
		};
		8D7C20312D12B1E300A18C67 /* Frameworks */ = {
			isa = PBXFrameworksBuildPhase;
			buildActionMask = 2147483647;
			files = (
			);
			runOnlyForDeploymentPostprocessing = 0;
		};
		8D7C203B2D12B1E300A18C67 /* Frameworks */ = {
			isa = PBXFrameworksBuildPhase;
			buildActionMask = 2147483647;
			files = (
			);
			runOnlyForDeploymentPostprocessing = 0;
		};
/* End PBXFrameworksBuildPhase section */

/* Begin PBXGroup section */
		8D7C201B2D12B1E100A18C67 = {
			isa = PBXGroup;
			children = (
				8D7C20262D12B1E100A18C67 /* ContactListTCAwithSwiftData */,
				8D7C20372D12B1E300A18C67 /* ContactListTCAwithSwiftDataTests */,
				8D7C20412D12B1E300A18C67 /* ContactListTCAwithSwiftDataUITests */,
				8D7C20252D12B1E100A18C67 /* Products */,
			);
			sourceTree = "<group>";
		};
		8D7C20252D12B1E100A18C67 /* Products */ = {
			isa = PBXGroup;
			children = (
				8D7C20242D12B1E100A18C67 /* ContactListTCAwithSwiftData.app */,
				8D7C20342D12B1E300A18C67 /* ContactListTCAwithSwiftDataTests.xctest */,
				8D7C203E2D12B1E300A18C67 /* ContactListTCAwithSwiftDataUITests.xctest */,
			);
			name = Products;
			sourceTree = "<group>";
		};
/* End PBXGroup section */

/* Begin PBXNativeTarget section */
		8D7C20232D12B1E100A18C67 /* ContactListTCAwithSwiftData */ = {
			isa = PBXNativeTarget;
			buildConfigurationList = 8D7C20482D12B1E300A18C67 /* Build configuration list for PBXNativeTarget "ContactListTCAwithSwiftData" */;
			buildPhases = (
				8D7C20202D12B1E100A18C67 /* Sources */,
				8D7C20212D12B1E100A18C67 /* Frameworks */,
				8D7C20222D12B1E100A18C67 /* Resources */,
			);
			buildRules = (
			);
			dependencies = (
			);
			fileSystemSynchronizedGroups = (
				8D7C20262D12B1E100A18C67 /* ContactListTCAwithSwiftData */,
			);
			name = ContactListTCAwithSwiftData;
			packageProductDependencies = (
				8D7C20562D12B22F00A18C67 /* ComposableArchitecture */,
			);
			productName = ContactListTCAwithSwiftData;
			productReference = 8D7C20242D12B1E100A18C67 /* ContactListTCAwithSwiftData.app */;
			productType = "com.apple.product-type.application";
		};
		8D7C20332D12B1E300A18C67 /* ContactListTCAwithSwiftDataTests */ = {
			isa = PBXNativeTarget;
			buildConfigurationList = 8D7C204B2D12B1E300A18C67 /* Build configuration list for PBXNativeTarget "ContactListTCAwithSwiftDataTests" */;
			buildPhases = (
				8D7C20302D12B1E300A18C67 /* Sources */,
				8D7C20312D12B1E300A18C67 /* Frameworks */,
				8D7C20322D12B1E300A18C67 /* Resources */,
			);
			buildRules = (
			);
			dependencies = (
				8D7C20362D12B1E300A18C67 /* PBXTargetDependency */,
			);
			fileSystemSynchronizedGroups = (
				8D7C20372D12B1E300A18C67 /* ContactListTCAwithSwiftDataTests */,
			);
			name = ContactListTCAwithSwiftDataTests;
			packageProductDependencies = (
			);
			productName = ContactListTCAwithSwiftDataTests;
			productReference = 8D7C20342D12B1E300A18C67 /* ContactListTCAwithSwiftDataTests.xctest */;
			productType = "com.apple.product-type.bundle.unit-test";
		};
		8D7C203D2D12B1E300A18C67 /* ContactListTCAwithSwiftDataUITests */ = {
			isa = PBXNativeTarget;
			buildConfigurationList = 8D7C204E2D12B1E300A18C67 /* Build configuration list for PBXNativeTarget "ContactListTCAwithSwiftDataUITests" */;
			buildPhases = (
				8D7C203A2D12B1E300A18C67 /* Sources */,
				8D7C203B2D12B1E300A18C67 /* Frameworks */,
				8D7C203C2D12B1E300A18C67 /* Resources */,
			);
			buildRules = (
			);
			dependencies = (
				8D7C20402D12B1E300A18C67 /* PBXTargetDependency */,
			);
			fileSystemSynchronizedGroups = (
				8D7C20412D12B1E300A18C67 /* ContactListTCAwithSwiftDataUITests */,
			);
			name = ContactListTCAwithSwiftDataUITests;
			packageProductDependencies = (
			);
			productName = ContactListTCAwithSwiftDataUITests;
			productReference = 8D7C203E2D12B1E300A18C67 /* ContactListTCAwithSwiftDataUITests.xctest */;
			productType = "com.apple.product-type.bundle.ui-testing";
		};
/* End PBXNativeTarget section */

/* Begin PBXProject section */
		8D7C201C2D12B1E100A18C67 /* Project object */ = {
			isa = PBXProject;
			attributes = {
				BuildIndependentTargetsInParallel = 1;
				LastSwiftUpdateCheck = 1620;
				LastUpgradeCheck = 1620;
				TargetAttributes = {
					8D7C20232D12B1E100A18C67 = {
						CreatedOnToolsVersion = 16.2;
					};
					8D7C20332D12B1E300A18C67 = {
						CreatedOnToolsVersion = 16.2;
						TestTargetID = 8D7C20232D12B1E100A18C67;
					};
					8D7C203D2D12B1E300A18C67 = {
						CreatedOnToolsVersion = 16.2;
						TestTargetID = 8D7C20232D12B1E100A18C67;
					};
				};
			};
			buildConfigurationList = 8D7C201F2D12B1E100A18C67 /* Build configuration list for PBXProject "ContactListTCAwithSwiftData" */;
			developmentRegion = en;
			hasScannedForEncodings = 0;
			knownRegions = (
				en,
				Base,
			);
			mainGroup = 8D7C201B2D12B1E100A18C67;
			minimizedProjectReferenceProxies = 1;
			packageReferences = (
				8D7C20552D12B22F00A18C67 /* XCRemoteSwiftPackageReference "swift-composable-architecture" */,
			);
			preferredProjectObjectVersion = 77;
			productRefGroup = 8D7C20252D12B1E100A18C67 /* Products */;
			projectDirPath = "";
			projectRoot = "";
			targets = (
				8D7C20232D12B1E100A18C67 /* ContactListTCAwithSwiftData */,
				8D7C20332D12B1E300A18C67 /* ContactListTCAwithSwiftDataTests */,
				8D7C203D2D12B1E300A18C67 /* ContactListTCAwithSwiftDataUITests */,
			);
		};
/* End PBXProject section */

/* Begin PBXResourcesBuildPhase section */
		8D7C20222D12B1E100A18C67 /* Resources */ = {
			isa = PBXResourcesBuildPhase;
			buildActionMask = 2147483647;
			files = (
			);
			runOnlyForDeploymentPostprocessing = 0;
		};
		8D7C20322D12B1E300A18C67 /* Resources */ = {
			isa = PBXResourcesBuildPhase;
			buildActionMask = 2147483647;
			files = (
			);
			runOnlyForDeploymentPostprocessing = 0;
		};
		8D7C203C2D12B1E300A18C67 /* Resources */ = {
			isa = PBXResourcesBuildPhase;
			buildActionMask = 2147483647;
			files = (
			);
			runOnlyForDeploymentPostprocessing = 0;
		};
/* End PBXResourcesBuildPhase section */

/* Begin PBXSourcesBuildPhase section */
		8D7C20202D12B1E100A18C67 /* Sources */ = {
			isa = PBXSourcesBuildPhase;
			buildActionMask = 2147483647;
			files = (
			);
			runOnlyForDeploymentPostprocessing = 0;
		};
		8D7C20302D12B1E300A18C67 /* Sources */ = {
			isa = PBXSourcesBuildPhase;
			buildActionMask = 2147483647;
			files = (
			);
			runOnlyForDeploymentPostprocessing = 0;
		};
		8D7C203A2D12B1E300A18C67 /* Sources */ = {
			isa = PBXSourcesBuildPhase;
			buildActionMask = 2147483647;
			files = (
			);
			runOnlyForDeploymentPostprocessing = 0;
		};
/* End PBXSourcesBuildPhase section */

/* Begin PBXTargetDependency section */
		8D7C20362D12B1E300A18C67 /* PBXTargetDependency */ = {
			isa = PBXTargetDependency;
			target = 8D7C20232D12B1E100A18C67 /* ContactListTCAwithSwiftData */;
			targetProxy = 8D7C20352D12B1E300A18C67 /* PBXContainerItemProxy */;
		};
		8D7C20402D12B1E300A18C67 /* PBXTargetDependency */ = {
			isa = PBXTargetDependency;
			target = 8D7C20232D12B1E100A18C67 /* ContactListTCAwithSwiftData */;
			targetProxy = 8D7C203F2D12B1E300A18C67 /* PBXContainerItemProxy */;
		};
/* End PBXTargetDependency section */

/* Begin XCBuildConfiguration section */
		8D7C20462D12B1E300A18C67 /* Debug */ = {
			isa = XCBuildConfiguration;
			buildSettings = {
				ALWAYS_SEARCH_USER_PATHS = NO;
				ASSETCATALOG_COMPILER_GENERATE_SWIFT_ASSET_SYMBOL_EXTENSIONS = YES;
				CLANG_ANALYZER_NONNULL = YES;
				CLANG_ANALYZER_NUMBER_OBJECT_CONVERSION = YES_AGGRESSIVE;
				CLANG_CXX_LANGUAGE_STANDARD = "gnu++20";
				CLANG_ENABLE_MODULES = YES;
				CLANG_ENABLE_OBJC_ARC = YES;
				CLANG_ENABLE_OBJC_WEAK = YES;
				CLANG_WARN_BLOCK_CAPTURE_AUTORELEASING = YES;
				CLANG_WARN_BOOL_CONVERSION = YES;
				CLANG_WARN_COMMA = YES;
				CLANG_WARN_CONSTANT_CONVERSION = YES;
				CLANG_WARN_DEPRECATED_OBJC_IMPLEMENTATIONS = YES;
				CLANG_WARN_DIRECT_OBJC_ISA_USAGE = YES_ERROR;
				CLANG_WARN_DOCUMENTATION_COMMENTS = YES;
				CLANG_WARN_EMPTY_BODY = YES;
				CLANG_WARN_ENUM_CONVERSION = YES;
				CLANG_WARN_INFINITE_RECURSION = YES;
				CLANG_WARN_INT_CONVERSION = YES;
				CLANG_WARN_NON_LITERAL_NULL_CONVERSION = YES;
				CLANG_WARN_OBJC_IMPLICIT_RETAIN_SELF = YES;
				CLANG_WARN_OBJC_LITERAL_CONVERSION = YES;
				CLANG_WARN_OBJC_ROOT_CLASS = YES_ERROR;
				CLANG_WARN_QUOTED_INCLUDE_IN_FRAMEWORK_HEADER = YES;
				CLANG_WARN_RANGE_LOOP_ANALYSIS = YES;
				CLANG_WARN_STRICT_PROTOTYPES = YES;
				CLANG_WARN_SUSPICIOUS_MOVE = YES;
				CLANG_WARN_UNGUARDED_AVAILABILITY = YES_AGGRESSIVE;
				CLANG_WARN_UNREACHABLE_CODE = YES;
				CLANG_WARN__DUPLICATE_METHOD_MATCH = YES;
				COPY_PHASE_STRIP = NO;
				DEBUG_INFORMATION_FORMAT = dwarf;
				ENABLE_STRICT_OBJC_MSGSEND = YES;
				ENABLE_TESTABILITY = YES;
				ENABLE_USER_SCRIPT_SANDBOXING = YES;
				GCC_C_LANGUAGE_STANDARD = gnu17;
				GCC_DYNAMIC_NO_PIC = NO;
				GCC_NO_COMMON_BLOCKS = YES;
				GCC_OPTIMIZATION_LEVEL = 0;
				GCC_PREPROCESSOR_DEFINITIONS = (
					"DEBUG=1",
					"$(inherited)",
				);
				GCC_WARN_64_TO_32_BIT_CONVERSION = YES;
				GCC_WARN_ABOUT_RETURN_TYPE = YES_ERROR;
				GCC_WARN_UNDECLARED_SELECTOR = YES;
				GCC_WARN_UNINITIALIZED_AUTOS = YES_AGGRESSIVE;
				GCC_WARN_UNUSED_FUNCTION = YES;
				GCC_WARN_UNUSED_VARIABLE = YES;
				IPHONEOS_DEPLOYMENT_TARGET = 18.2;
				LOCALIZATION_PREFERS_STRING_CATALOGS = YES;
				MTL_ENABLE_DEBUG_INFO = INCLUDE_SOURCE;
				MTL_FAST_MATH = YES;
				ONLY_ACTIVE_ARCH = YES;
				SDKROOT = iphoneos;
				SWIFT_ACTIVE_COMPILATION_CONDITIONS = "DEBUG $(inherited)";
				SWIFT_OPTIMIZATION_LEVEL = "-Onone";
			};
			name = Debug;
		};
		8D7C20472D12B1E300A18C67 /* Release */ = {
			isa = XCBuildConfiguration;
			buildSettings = {
				ALWAYS_SEARCH_USER_PATHS = NO;
				ASSETCATALOG_COMPILER_GENERATE_SWIFT_ASSET_SYMBOL_EXTENSIONS = YES;
				CLANG_ANALYZER_NONNULL = YES;
				CLANG_ANALYZER_NUMBER_OBJECT_CONVERSION = YES_AGGRESSIVE;
				CLANG_CXX_LANGUAGE_STANDARD = "gnu++20";
				CLANG_ENABLE_MODULES = YES;
				CLANG_ENABLE_OBJC_ARC = YES;
				CLANG_ENABLE_OBJC_WEAK = YES;
				CLANG_WARN_BLOCK_CAPTURE_AUTORELEASING = YES;
				CLANG_WARN_BOOL_CONVERSION = YES;
				CLANG_WARN_COMMA = YES;
				CLANG_WARN_CONSTANT_CONVERSION = YES;
				CLANG_WARN_DEPRECATED_OBJC_IMPLEMENTATIONS = YES;
				CLANG_WARN_DIRECT_OBJC_ISA_USAGE = YES_ERROR;
				CLANG_WARN_DOCUMENTATION_COMMENTS = YES;
				CLANG_WARN_EMPTY_BODY = YES;
				CLANG_WARN_ENUM_CONVERSION = YES;
				CLANG_WARN_INFINITE_RECURSION = YES;
				CLANG_WARN_INT_CONVERSION = YES;
				CLANG_WARN_NON_LITERAL_NULL_CONVERSION = YES;
				CLANG_WARN_OBJC_IMPLICIT_RETAIN_SELF = YES;
				CLANG_WARN_OBJC_LITERAL_CONVERSION = YES;
				CLANG_WARN_OBJC_ROOT_CLASS = YES_ERROR;
				CLANG_WARN_QUOTED_INCLUDE_IN_FRAMEWORK_HEADER = YES;
				CLANG_WARN_RANGE_LOOP_ANALYSIS = YES;
				CLANG_WARN_STRICT_PROTOTYPES = YES;
				CLANG_WARN_SUSPICIOUS_MOVE = YES;
				CLANG_WARN_UNGUARDED_AVAILABILITY = YES_AGGRESSIVE;
				CLANG_WARN_UNREACHABLE_CODE = YES;
				CLANG_WARN__DUPLICATE_METHOD_MATCH = YES;
				COPY_PHASE_STRIP = NO;
				DEBUG_INFORMATION_FORMAT = "dwarf-with-dsym";
				ENABLE_NS_ASSERTIONS = NO;
				ENABLE_STRICT_OBJC_MSGSEND = YES;
				ENABLE_USER_SCRIPT_SANDBOXING = YES;
				GCC_C_LANGUAGE_STANDARD = gnu17;
				GCC_NO_COMMON_BLOCKS = YES;
				GCC_WARN_64_TO_32_BIT_CONVERSION = YES;
				GCC_WARN_ABOUT_RETURN_TYPE = YES_ERROR;
				GCC_WARN_UNDECLARED_SELECTOR = YES;
				GCC_WARN_UNINITIALIZED_AUTOS = YES_AGGRESSIVE;
				GCC_WARN_UNUSED_FUNCTION = YES;
				GCC_WARN_UNUSED_VARIABLE = YES;
				IPHONEOS_DEPLOYMENT_TARGET = 18.2;
				LOCALIZATION_PREFERS_STRING_CATALOGS = YES;
				MTL_ENABLE_DEBUG_INFO = NO;
				MTL_FAST_MATH = YES;
				SDKROOT = iphoneos;
				SWIFT_COMPILATION_MODE = wholemodule;
				VALIDATE_PRODUCT = YES;
			};
			name = Release;
		};
		8D7C20492D12B1E300A18C67 /* Debug */ = {
			isa = XCBuildConfiguration;
			buildSettings = {
				ASSETCATALOG_COMPILER_APPICON_NAME = AppIcon;
				ASSETCATALOG_COMPILER_GLOBAL_ACCENT_COLOR_NAME = AccentColor;
				CODE_SIGN_STYLE = Automatic;
				CURRENT_PROJECT_VERSION = 1;
				DEVELOPMENT_ASSET_PATHS = "\"ContactListTCAwithSwiftData/Preview Content\"";
				DEVELOPMENT_TEAM = M2V28MT26E;
				ENABLE_PREVIEWS = YES;
				GENERATE_INFOPLIST_FILE = YES;
				INFOPLIST_KEY_UIApplicationSceneManifest_Generation = YES;
				INFOPLIST_KEY_UIApplicationSupportsIndirectInputEvents = YES;
				INFOPLIST_KEY_UILaunchScreen_Generation = YES;
				INFOPLIST_KEY_UISupportedInterfaceOrientations_iPad = "UIInterfaceOrientationPortrait UIInterfaceOrientationPortraitUpsideDown UIInterfaceOrientationLandscapeLeft UIInterfaceOrientationLandscapeRight";
				INFOPLIST_KEY_UISupportedInterfaceOrientations_iPhone = "UIInterfaceOrientationPortrait UIInterfaceOrientationLandscapeLeft UIInterfaceOrientationLandscapeRight";
				LD_RUNPATH_SEARCH_PATHS = (
					"$(inherited)",
					"@executable_path/Frameworks",
				);
				MARKETING_VERSION = 1.0;
				PRODUCT_BUNDLE_IDENTIFIER = jp.cabinetwork.ContactListTCAwithSwiftData;
				PRODUCT_NAME = "$(TARGET_NAME)";
				SWIFT_EMIT_LOC_STRINGS = YES;
				SWIFT_VERSION = 6.0;
				TARGETED_DEVICE_FAMILY = "1,2";
			};
			name = Debug;
		};
		8D7C204A2D12B1E300A18C67 /* Release */ = {
			isa = XCBuildConfiguration;
			buildSettings = {
				ASSETCATALOG_COMPILER_APPICON_NAME = AppIcon;
				ASSETCATALOG_COMPILER_GLOBAL_ACCENT_COLOR_NAME = AccentColor;
				CODE_SIGN_STYLE = Automatic;
				CURRENT_PROJECT_VERSION = 1;
				DEVELOPMENT_ASSET_PATHS = "\"ContactListTCAwithSwiftData/Preview Content\"";
				DEVELOPMENT_TEAM = M2V28MT26E;
				ENABLE_PREVIEWS = YES;
				GENERATE_INFOPLIST_FILE = YES;
				INFOPLIST_KEY_UIApplicationSceneManifest_Generation = YES;
				INFOPLIST_KEY_UIApplicationSupportsIndirectInputEvents = YES;
				INFOPLIST_KEY_UILaunchScreen_Generation = YES;
				INFOPLIST_KEY_UISupportedInterfaceOrientations_iPad = "UIInterfaceOrientationPortrait UIInterfaceOrientationPortraitUpsideDown UIInterfaceOrientationLandscapeLeft UIInterfaceOrientationLandscapeRight";
				INFOPLIST_KEY_UISupportedInterfaceOrientations_iPhone = "UIInterfaceOrientationPortrait UIInterfaceOrientationLandscapeLeft UIInterfaceOrientationLandscapeRight";
				LD_RUNPATH_SEARCH_PATHS = (
					"$(inherited)",
					"@executable_path/Frameworks",
				);
				MARKETING_VERSION = 1.0;
				PRODUCT_BUNDLE_IDENTIFIER = jp.cabinetwork.ContactListTCAwithSwiftData;
				PRODUCT_NAME = "$(TARGET_NAME)";
				SWIFT_EMIT_LOC_STRINGS = YES;
				SWIFT_VERSION = 6.0;
				TARGETED_DEVICE_FAMILY = "1,2";
			};
			name = Release;
		};
		8D7C204C2D12B1E300A18C67 /* Debug */ = {
			isa = XCBuildConfiguration;
			buildSettings = {
				BUNDLE_LOADER = "$(TEST_HOST)";
				CODE_SIGN_STYLE = Automatic;
				CURRENT_PROJECT_VERSION = 1;
				DEVELOPMENT_TEAM = M2V28MT26E;
				GENERATE_INFOPLIST_FILE = YES;
				IPHONEOS_DEPLOYMENT_TARGET = 18.2;
				MARKETING_VERSION = 1.0;
				PRODUCT_BUNDLE_IDENTIFIER = jp.cabinetwork.ContactListTCAwithSwiftDataTests;
				PRODUCT_NAME = "$(TARGET_NAME)";
				SWIFT_EMIT_LOC_STRINGS = NO;
				SWIFT_VERSION = 5.0;
				TARGETED_DEVICE_FAMILY = "1,2";
				TEST_HOST = "$(BUILT_PRODUCTS_DIR)/ContactListTCAwithSwiftData.app/$(BUNDLE_EXECUTABLE_FOLDER_PATH)/ContactListTCAwithSwiftData";
			};
			name = Debug;
		};
		8D7C204D2D12B1E300A18C67 /* Release */ = {
			isa = XCBuildConfiguration;
			buildSettings = {
				BUNDLE_LOADER = "$(TEST_HOST)";
				CODE_SIGN_STYLE = Automatic;
				CURRENT_PROJECT_VERSION = 1;
				DEVELOPMENT_TEAM = M2V28MT26E;
				GENERATE_INFOPLIST_FILE = YES;
				IPHONEOS_DEPLOYMENT_TARGET = 18.2;
				MARKETING_VERSION = 1.0;
				PRODUCT_BUNDLE_IDENTIFIER = jp.cabinetwork.ContactListTCAwithSwiftDataTests;
				PRODUCT_NAME = "$(TARGET_NAME)";
				SWIFT_EMIT_LOC_STRINGS = NO;
				SWIFT_VERSION = 5.0;
				TARGETED_DEVICE_FAMILY = "1,2";
				TEST_HOST = "$(BUILT_PRODUCTS_DIR)/ContactListTCAwithSwiftData.app/$(BUNDLE_EXECUTABLE_FOLDER_PATH)/ContactListTCAwithSwiftData";
			};
			name = Release;
		};
		8D7C204F2D12B1E300A18C67 /* Debug */ = {
			isa = XCBuildConfiguration;
			buildSettings = {
				CODE_SIGN_STYLE = Automatic;
				CURRENT_PROJECT_VERSION = 1;
				DEVELOPMENT_TEAM = M2V28MT26E;
				GENERATE_INFOPLIST_FILE = YES;
				MARKETING_VERSION = 1.0;
				PRODUCT_BUNDLE_IDENTIFIER = jp.cabinetwork.ContactListTCAwithSwiftDataUITests;
				PRODUCT_NAME = "$(TARGET_NAME)";
				SWIFT_EMIT_LOC_STRINGS = NO;
				SWIFT_VERSION = 5.0;
				TARGETED_DEVICE_FAMILY = "1,2";
				TEST_TARGET_NAME = ContactListTCAwithSwiftData;
			};
			name = Debug;
		};
		8D7C20502D12B1E300A18C67 /* Release */ = {
			isa = XCBuildConfiguration;
			buildSettings = {
				CODE_SIGN_STYLE = Automatic;
				CURRENT_PROJECT_VERSION = 1;
				DEVELOPMENT_TEAM = M2V28MT26E;
				GENERATE_INFOPLIST_FILE = YES;
				MARKETING_VERSION = 1.0;
				PRODUCT_BUNDLE_IDENTIFIER = jp.cabinetwork.ContactListTCAwithSwiftDataUITests;
				PRODUCT_NAME = "$(TARGET_NAME)";
				SWIFT_EMIT_LOC_STRINGS = NO;
				SWIFT_VERSION = 5.0;
				TARGETED_DEVICE_FAMILY = "1,2";
				TEST_TARGET_NAME = ContactListTCAwithSwiftData;
			};
			name = Release;
		};
/* End XCBuildConfiguration section */

/* Begin XCConfigurationList section */
		8D7C201F2D12B1E100A18C67 /* Build configuration list for PBXProject "ContactListTCAwithSwiftData" */ = {
			isa = XCConfigurationList;
			buildConfigurations = (
				8D7C20462D12B1E300A18C67 /* Debug */,
				8D7C20472D12B1E300A18C67 /* Release */,
			);
			defaultConfigurationIsVisible = 0;
			defaultConfigurationName = Release;
		};
		8D7C20482D12B1E300A18C67 /* Build configuration list for PBXNativeTarget "ContactListTCAwithSwiftData" */ = {
			isa = XCConfigurationList;
			buildConfigurations = (
				8D7C20492D12B1E300A18C67 /* Debug */,
				8D7C204A2D12B1E300A18C67 /* Release */,
			);
			defaultConfigurationIsVisible = 0;
			defaultConfigurationName = Release;
		};
		8D7C204B2D12B1E300A18C67 /* Build configuration list for PBXNativeTarget "ContactListTCAwithSwiftDataTests" */ = {
			isa = XCConfigurationList;
			buildConfigurations = (
				8D7C204C2D12B1E300A18C67 /* Debug */,
				8D7C204D2D12B1E300A18C67 /* Release */,
			);
			defaultConfigurationIsVisible = 0;
			defaultConfigurationName = Release;
		};
		8D7C204E2D12B1E300A18C67 /* Build configuration list for PBXNativeTarget "ContactListTCAwithSwiftDataUITests" */ = {
			isa = XCConfigurationList;
			buildConfigurations = (
				8D7C204F2D12B1E300A18C67 /* Debug */,
				8D7C20502D12B1E300A18C67 /* Release */,
			);
			defaultConfigurationIsVisible = 0;
			defaultConfigurationName = Release;
		};
/* End XCConfigurationList section */

/* Begin XCRemoteSwiftPackageReference section */
		8D7C20552D12B22F00A18C67 /* XCRemoteSwiftPackageReference "swift-composable-architecture" */ = {
			isa = XCRemoteSwiftPackageReference;
			repositoryURL = "https://github.com/pointfreeco/swift-composable-architecture";
			requirement = {
				kind = upToNextMajorVersion;
				minimumVersion = 1.17.0;
			};
		};
/* End XCRemoteSwiftPackageReference section */

/* Begin XCSwiftPackageProductDependency section */
		8D7C20562D12B22F00A18C67 /* ComposableArchitecture */ = {
			isa = XCSwiftPackageProductDependency;
			package = 8D7C20552D12B22F00A18C67 /* XCRemoteSwiftPackageReference "swift-composable-architecture" */;
			productName = ComposableArchitecture;
		};
/* End XCSwiftPackageProductDependency section */
	};
	rootObject = 8D7C201C2D12B1E100A18C67 /* Project object */;
}
